<Solution>
  <File Path="readme.md" />
  <File Path="readme_zh.md" />
  <Folder Name="/benchmarks/">
    <Project Path="benchmarks/basic_benchmark/basic_benchmark.csproj" />
  </Folder>
  <Folder Name="/docs/">
    <File Path="docs/License.txt" />
    <File Path="docs/tech.md" />
  </Folder>
  <Folder Name="/docs/logos/">
    <File Path="docs/logos/logo1.png" />
    <File Path="docs/logos/VMath logo with colorful math symbols on a blackboard, VMath more prominent.png" />
    <File Path="docs/logos/VMath logo with colorful math symbols on a blackboard, VMath prominent.png" />
    <File Path="docs/logos/VMath logo with colorful math symbols on a blackboard.png" />
    <File Path="docs/logos/黑板上的数学符号，不要有人.png" />
  </Folder>
  <Folder Name="/extension shared projects/">
    <Project Path="extension shared projects/FFTW/FFTW.shproj" Id="9d39e3a0-9a33-4c41-86ca-6381b3e9602b" />
  </Folder>
  <Folder Name="/shared projects/">
    <Project Path="shared projects/Calculus/Calculus.shproj" />
    <Project Path="shared projects/Core/Core.shproj" />
    <Project Path="shared projects/DeepLearning/DeepLearning.shproj" />
    <Project Path="shared projects/Framework/Framework.shproj" />
    <Project Path="shared projects/LinearAlgebra/LinearAlgebra.shproj" />
    <Project Path="shared projects/MachineLearning/MachineLearning.shproj" />
    <Project Path="shared projects/Numerics/Numerics.shproj" />
    <Project Path="shared projects/SignalProcessing/SignalProcessing.shproj" />
    <Project Path="shared projects/Statistics/Statistics.shproj" />
  </Folder>
  <Folder Name="/targets/">
    <Project Path="targets/dotNET10_Portable/dotNET10_Portable.csproj" />
    <Project Path="targets/dotNET10_Portable_Extensions_FFTW/dotNET10_Portable_Extensions_FFTW.csproj" Id="cd5509dd-4a90-4023-9ba3-327e9569685d" />
  </Folder>
  <Folder Name="/TESTS/">
    <Project Path="TESTS/Calculus_module_test/Calculus_module_test.csproj" />
    <Project Path="TESTS/core_module_test/core_module_test.csproj" />
    <Project Path="TESTS/DL_module_test/DL_module_test.csproj" />
    <Project Path="TESTS/DSP_module_test/DSP_module_test.csproj" />
    <Project Path="TESTS/ML_module_test/ML_module_test.csproj" />
  </Folder>
  <Folder Name="/docs/wiki/" />
  <Folder Name="/docs/wiki/wiki_en/">
    <File Path="wiki/wiki_en/changelog.txt" />
    <File Path="wiki/wiki_en/HOME.md" />
    <File Path="wiki/wiki_en/Module_Calculus.md" />
    <File Path="wiki/wiki_en/Module_ComputingContext.md" />
    <File Path="wiki/wiki_en/Module_Core.md" />
    <File Path="wiki/wiki_en/Module_DeepLearning.md" />
    <File Path="wiki/wiki_en/Module_DeepLearning_Audio.md" />
    <File Path="wiki/wiki_en/Module_Examples.md" />
    <File Path="wiki/wiki_en/Module_Extensions_FFTW.md" />
    <File Path="wiki/wiki_en/Module_GPU_Policy.md" />
    <File Path="wiki/wiki_en/Module_LinearAlgebra.md" />
    <File Path="wiki/wiki_en/Module_MachineLearning.md" />
    <File Path="wiki/wiki_en/Module_Numerics.md" />
    <File Path="wiki/wiki_en/Module_SignalProcessing.md" />
    <File Path="wiki/wiki_en/Module_SignalProcessing_Effects.md" />
    <File Path="wiki/wiki_en/Module_SignalProcessing_FeatureExtractors.md" />
    <File Path="wiki/wiki_en/Module_SignalProcessing_Features.md" />
    <File Path="wiki/wiki_en/Module_SignalProcessing_Filters.md" />
    <File Path="wiki/wiki_en/Module_SignalProcessing_Fourier.md" />
    <File Path="wiki/wiki_en/Module_SignalProcessing_Operations.md" />
    <File Path="wiki/wiki_en/Module_SignalProcessing_Others.md" />
    <File Path="wiki/wiki_en/Module_SignalProcessing_Signals.md" />
    <File Path="wiki/wiki_en/Module_SignalProcessing_Transforms.md" />
    <File Path="wiki/wiki_en/Module_SignalProcessing_Windowing.md" />
    <File Path="wiki/wiki_en/Module_Statistics.md" />
    <File Path="wiki/wiki_en/Module_Statistics_Advanced.md" />
    <File Path="wiki/wiki_en/Module_Statistics_Basic.md" />
    <File Path="wiki/wiki_en/Module_Statistics_Distribution.md" />
    <File Path="wiki/wiki_en/Module_Statistics_ExtremeValueFinder.md" />
    <File Path="wiki/wiki_en/Module_Statistics_IComparableExtension.md" />
    <File Path="wiki/wiki_en/Module_Statistics_INumberExtension.md" />
    <File Path="wiki/wiki_en/Module_Statistics_Others.md" />
    <File Path="wiki/wiki_en/Module_Statistics_TimeSeriesAnalysis.md" />
  </Folder>
  <Folder Name="/docs/wiki/wiki_hans/">
    <File Path="wiki/wiki_hans/changelog_zh.txt" />
    <File Path="wiki/wiki_hans/HOME_zh.md" />
    <File Path="wiki/wiki_hans/Module_Calculus_zh.md" />
    <File Path="wiki/wiki_hans/Module_ComputingContext_zh.md" />
    <File Path="wiki/wiki_hans/Module_Core_zh.md" />
    <File Path="wiki/wiki_hans/Module_DeepLearning_Audio_zh.md" />
    <File Path="wiki/wiki_hans/Module_DeepLearning_zh.md" />
    <File Path="wiki/wiki_hans/Module_Examples_zh.md" />
    <File Path="wiki/wiki_hans/Module_Extensions_FFTW_zh.md" />
    <File Path="wiki/wiki_hans/Module_GPU_Policy_zh.md" />
    <File Path="wiki/wiki_hans/Module_LinearAlgebra_zh.md" />
    <File Path="wiki/wiki_hans/Module_MachineLearning_zh.md" />
    <File Path="wiki/wiki_hans/Module_Numerics_zh.md" />
    <File Path="wiki/wiki_hans/Module_SignalProcessing_Effects_zh.md" />
    <File Path="wiki/wiki_hans/Module_SignalProcessing_FeatureExtractors_zh.md" />
    <File Path="wiki/wiki_hans/Module_SignalProcessing_Features_zh.md" />
    <File Path="wiki/wiki_hans/Module_SignalProcessing_Filters_zh.md" />
    <File Path="wiki/wiki_hans/Module_SignalProcessing_Fourier_zh.md" />
    <File Path="wiki/wiki_hans/Module_SignalProcessing_Operations_zh.md" />
    <File Path="wiki/wiki_hans/Module_SignalProcessing_Others_zh.md" />
    <File Path="wiki/wiki_hans/Module_SignalProcessing_Signals_zh.md" />
    <File Path="wiki/wiki_hans/Module_SignalProcessing_Transforms_zh.md" />
    <File Path="wiki/wiki_hans/Module_SignalProcessing_Windowing_zh.md" />
    <File Path="wiki/wiki_hans/Module_SignalProcessing_zh.md" />
    <File Path="wiki/wiki_hans/Module_Statistics_Advanced_zh.md" />
    <File Path="wiki/wiki_hans/Module_Statistics_Basic_zh.md" />
    <File Path="wiki/wiki_hans/Module_Statistics_Distribution_zh.md" />
    <File Path="wiki/wiki_hans/Module_Statistics_ExtremeValueFinder_zh.md" />
    <File Path="wiki/wiki_hans/Module_Statistics_IComparableExtension_zh.md" />
    <File Path="wiki/wiki_hans/Module_Statistics_INumberExtension_zh.md" />
    <File Path="wiki/wiki_hans/Module_Statistics_Others_zh.md" />
    <File Path="wiki/wiki_hans/Module_Statistics_TimeSeriesAnalysis_zh.md" />
    <File Path="wiki/wiki_hans/Module_Statistics_zh.md" />
  </Folder>
  <Folder Name="/Examples/">
    <Project Path="Examples/Audio_example/Audio_example.csproj" />
    <Project Path="Examples/Calculus_example/Calculus_example.csproj" />
    <Project Path="Examples/Colorization_example/Colorization_example.csproj" />
    <Project Path="Examples/Core_example/Core_example.csproj" />
    <Project Path="Examples/DeepLearning_example/DeepLearning_example.csproj" />
    <Project Path="Examples/MachineLearning_example/MachineLearning_example.csproj" />
    <Project Path="Examples/SignalProcessing_example/SignalProcessing_example.csproj" />
  </Folder>
</Solution>
