
Microsoft Visual Studio Solution File, Format Version 12.00
# Visual Studio Version 17
VisualStudioVersion = 17.11.35219.272
MinimumVisualStudioVersion = 10.0.40219.1
Project("{2150E333-8FDC-42A3-9474-1A3956D46DE8}") = "shared projects", "shared projects", "{0B7B090A-F8B5-46A1-A425-BBB95BBB1746}"
EndProject
Project("{D954291E-2A0B-460D-934E-DC6B0785DB48}") = "Core", "shared projects\Core\Core.shproj", "{61CDF5AE-6D99-4A3E-A3CD-30293C143FE6}"
EndProject
Project("{D954291E-2A0B-460D-934E-DC6B0785DB48}") = "Numerics", "shared projects\Numerics\Numerics.shproj", "{7EE17963-00E5-412C-A6DE-FB94C21E4F57}"
EndProject
Project("{D954291E-2A0B-460D-934E-DC6B0785DB48}") = "SignalProcessing", "shared projects\SignalProcessing\SignalProcessing.shproj", "{B2C3419E-250A-487D-BC7C-0C89640B96AE}"
EndProject
Project("{2150E333-8FDC-42A3-9474-1A3956D46DE8}") = "targets", "targets", "{E0B00A4A-8D98-4AD3-AA39-F39CFCFCBC4F}"
EndProject
Project("{2150E333-8FDC-42A3-9474-1A3956D46DE8}") = "TESTS", "TESTS", "{D5EB45E7-1CD1-4F11-B3F5-07714F84190D}"
EndProject
Project("{9A19103F-16F7-4668-BE54-9A1E7A4F7556}") = "core_module_test", "TESTS\core_module_test\core_module_test.csproj", "{2B689EB0-E9AA-487E-84A6-2750AA6896D8}"
EndProject
Project("{D954291E-2A0B-460D-934E-DC6B0785DB48}") = "MachineLearning", "shared projects\MachineLearning\MachineLearning.shproj", "{05C9CE82-9814-4A38-A874-444151D41DAA}"
EndProject
Project("{2150E333-8FDC-42A3-9474-1A3956D46DE8}") = "benchmarks", "benchmarks", "{A400C121-D7CE-4E88-9417-CD4F07F3F973}"
EndProject
Project("{9A19103F-16F7-4668-BE54-9A1E7A4F7556}") = "basic_benchmark", "benchmarks\basic_benchmark\basic_benchmark.csproj", "{5D073D85-2F34-4D36-B255-E3275E039737}"
EndProject
Project("{D954291E-2A0B-460D-934E-DC6B0785DB48}") = "Experimental", "shared projects\Experimental\Experimental.shproj", "{C60535F6-5504-48A9-934A-53D6B572D846}"
EndProject
Project("{2150E333-8FDC-42A3-9474-1A3956D46DE8}") = "docs", "docs", "{C288D331-8806-4DEA-8CD9-2FD047BFA947}"
	ProjectSection(SolutionItems) = preProject
		docs\License.txt = docs\License.txt
		docs\Module_Core.md = docs\Module_Core.md
		docs\Module_DeepLearning.md = docs\Module_DeepLearning.md
		docs\Module_Experimental.md = docs\Module_Experimental.md
		docs\Module_LinearAlgebra.md = docs\Module_LinearAlgebra.md
		docs\Module_MachineLearning.md = docs\Module_MachineLearning.md
		docs\Module_Numerics.md = docs\Module_Numerics.md
		docs\Module_SignalProcessing.md = docs\Module_SignalProcessing.md
		docs\Module_SignalProcessing_Effects.md = docs\Module_SignalProcessing_Effects.md
		docs\Module_SignalProcessing_FeatureExtractors.md = docs\Module_SignalProcessing_FeatureExtractors.md
		docs\Module_SignalProcessing_Features.md = docs\Module_SignalProcessing_Features.md
		docs\Module_SignalProcessing_Filters.md = docs\Module_SignalProcessing_Filters.md
		docs\Module_SignalProcessing_Fourier.md = docs\Module_SignalProcessing_Fourier.md
		docs\Module_SignalProcessing_Operations.md = docs\Module_SignalProcessing_Operations.md
		docs\Module_SignalProcessing_Others.md = docs\Module_SignalProcessing_Others.md
		docs\Module_SignalProcessing_Signals.md = docs\Module_SignalProcessing_Signals.md
		docs\Module_SignalProcessing_Transforms.md = docs\Module_SignalProcessing_Transforms.md
		docs\Module_SignalProcessing_Windowing.md = docs\Module_SignalProcessing_Windowing.md
		docs\Module_Statistics.md = docs\Module_Statistics.md
		docs\README.md = docs\README.md
		docs\VMath 1.0.docx = docs\VMath 1.0.docx
	EndProjectSection
EndProject
Project("{2150E333-8FDC-42A3-9474-1A3956D46DE8}") = "logos", "logos", "{2768E470-4251-4508-91F0-0146EA8EFD62}"
	ProjectSection(SolutionItems) = preProject
		docs\logos\logo1.png = docs\logos\logo1.png
		docs\logos\VMath logo with colorful math symbols on a blackboard, VMath more prominent.png = docs\logos\VMath logo with colorful math symbols on a blackboard, VMath more prominent.png
		docs\logos\VMath logo with colorful math symbols on a blackboard, VMath prominent.png = docs\logos\VMath logo with colorful math symbols on a blackboard, VMath prominent.png
		docs\logos\VMath logo with colorful math symbols on a blackboard.png = docs\logos\VMath logo with colorful math symbols on a blackboard.png
		docs\logos\黑板上的数学符号，不要有人.png = docs\logos\黑板上的数学符号，不要有人.png
	EndProjectSection
EndProject
Project("{FAE04EC0-301F-11D3-BF4B-00C04F79EFBC}") = "dotNET9_Portable", "targets\dotNET9_Portable\dotNET9_Portable.csproj", "{B6B8E014-C126-45DC-858E-C067D9916E03}"
EndProject
Project("{FAE04EC0-301F-11D3-BF4B-00C04F79EFBC}") = "ML_module_test", "TESTS\ML_module_test\ML_module_test.csproj", "{DBA1F647-6010-49E8-A3AD-A039494FEAF3}"
EndProject
Project("{D954291E-2A0B-460D-934E-DC6B0785DB48}") = "DeepLearning", "shared projects\DeepLearning\DeepLearning.shproj", "{EAC6A8F4-E78E-4DA0-AA05-A6C1A9B1C6AF}"
EndProject
Project("{D954291E-2A0B-460D-934E-DC6B0785DB48}") = "Statistics_class", "shared projects\Statistics_class\Statistics_class.shproj", "{0B0FEFDE-C426-4203-B897-55E2D9DA98BB}"
EndProject
Project("{FAE04EC0-301F-11D3-BF4B-00C04F79EFBC}") = "DL_module_test", "TESTS\DL_module_test\DL_module_test.csproj", "{DB1080E4-87CE-4166-8E8B-D98E9B654337}"
EndProject
Project("{D954291E-2A0B-460D-934E-DC6B0785DB48}") = "Framework", "shared projects\Framework\Framework.shproj", "{FE21B649-02D8-49FA-8A58-48A206F3D8AB}"
EndProject
Project("{FAE04EC0-301F-11D3-BF4B-00C04F79EFBC}") = "DSP_module_test", "TESTS\DSP_module_test\DSP_module_test.csproj", "{AC068117-F346-41D1-9C94-4156DCCABB3D}"
EndProject
Project("{D954291E-2A0B-460D-934E-DC6B0785DB48}") = "LinearAlgebra", "shared projects\LinearAlgebra\LinearAlgebra.shproj", "{4FBD3895-5EE5-4E7B-A6B6-6BE2EF5FAED8}"
EndProject
Global
	GlobalSection(SolutionConfigurationPlatforms) = preSolution
		Debug|Any CPU = Debug|Any CPU
		Release|Any CPU = Release|Any CPU
	EndGlobalSection
	GlobalSection(ProjectConfigurationPlatforms) = postSolution
		{2B689EB0-E9AA-487E-84A6-2750AA6896D8}.Debug|Any CPU.ActiveCfg = Debug|Any CPU
		{2B689EB0-E9AA-487E-84A6-2750AA6896D8}.Debug|Any CPU.Build.0 = Debug|Any CPU
		{2B689EB0-E9AA-487E-84A6-2750AA6896D8}.Release|Any CPU.ActiveCfg = Release|Any CPU
		{2B689EB0-E9AA-487E-84A6-2750AA6896D8}.Release|Any CPU.Build.0 = Release|Any CPU
		{5D073D85-2F34-4D36-B255-E3275E039737}.Debug|Any CPU.ActiveCfg = Debug|Any CPU
		{5D073D85-2F34-4D36-B255-E3275E039737}.Debug|Any CPU.Build.0 = Debug|Any CPU
		{5D073D85-2F34-4D36-B255-E3275E039737}.Release|Any CPU.ActiveCfg = Release|Any CPU
		{5D073D85-2F34-4D36-B255-E3275E039737}.Release|Any CPU.Build.0 = Release|Any CPU
		{B6B8E014-C126-45DC-858E-C067D9916E03}.Debug|Any CPU.ActiveCfg = Debug|Any CPU
		{B6B8E014-C126-45DC-858E-C067D9916E03}.Debug|Any CPU.Build.0 = Debug|Any CPU
		{B6B8E014-C126-45DC-858E-C067D9916E03}.Release|Any CPU.ActiveCfg = Release|Any CPU
		{B6B8E014-C126-45DC-858E-C067D9916E03}.Release|Any CPU.Build.0 = Release|Any CPU
		{DBA1F647-6010-49E8-A3AD-A039494FEAF3}.Debug|Any CPU.ActiveCfg = Debug|Any CPU
		{DBA1F647-6010-49E8-A3AD-A039494FEAF3}.Debug|Any CPU.Build.0 = Debug|Any CPU
		{DBA1F647-6010-49E8-A3AD-A039494FEAF3}.Release|Any CPU.ActiveCfg = Release|Any CPU
		{DBA1F647-6010-49E8-A3AD-A039494FEAF3}.Release|Any CPU.Build.0 = Release|Any CPU
		{DB1080E4-87CE-4166-8E8B-D98E9B654337}.Debug|Any CPU.ActiveCfg = Debug|Any CPU
		{DB1080E4-87CE-4166-8E8B-D98E9B654337}.Debug|Any CPU.Build.0 = Debug|Any CPU
		{DB1080E4-87CE-4166-8E8B-D98E9B654337}.Release|Any CPU.ActiveCfg = Release|Any CPU
		{DB1080E4-87CE-4166-8E8B-D98E9B654337}.Release|Any CPU.Build.0 = Release|Any CPU
		{AC068117-F346-41D1-9C94-4156DCCABB3D}.Debug|Any CPU.ActiveCfg = Debug|Any CPU
		{AC068117-F346-41D1-9C94-4156DCCABB3D}.Debug|Any CPU.Build.0 = Debug|Any CPU
		{AC068117-F346-41D1-9C94-4156DCCABB3D}.Release|Any CPU.ActiveCfg = Release|Any CPU
		{AC068117-F346-41D1-9C94-4156DCCABB3D}.Release|Any CPU.Build.0 = Release|Any CPU
	EndGlobalSection
	GlobalSection(SolutionProperties) = preSolution
		HideSolutionNode = FALSE
	EndGlobalSection
	GlobalSection(NestedProjects) = preSolution
		{61CDF5AE-6D99-4A3E-A3CD-30293C143FE6} = {0B7B090A-F8B5-46A1-A425-BBB95BBB1746}
		{7EE17963-00E5-412C-A6DE-FB94C21E4F57} = {0B7B090A-F8B5-46A1-A425-BBB95BBB1746}
		{B2C3419E-250A-487D-BC7C-0C89640B96AE} = {0B7B090A-F8B5-46A1-A425-BBB95BBB1746}
		{2B689EB0-E9AA-487E-84A6-2750AA6896D8} = {D5EB45E7-1CD1-4F11-B3F5-07714F84190D}
		{05C9CE82-9814-4A38-A874-444151D41DAA} = {0B7B090A-F8B5-46A1-A425-BBB95BBB1746}
		{5D073D85-2F34-4D36-B255-E3275E039737} = {A400C121-D7CE-4E88-9417-CD4F07F3F973}
		{C60535F6-5504-48A9-934A-53D6B572D846} = {0B7B090A-F8B5-46A1-A425-BBB95BBB1746}
		{2768E470-4251-4508-91F0-0146EA8EFD62} = {C288D331-8806-4DEA-8CD9-2FD047BFA947}
		{B6B8E014-C126-45DC-858E-C067D9916E03} = {E0B00A4A-8D98-4AD3-AA39-F39CFCFCBC4F}
		{DBA1F647-6010-49E8-A3AD-A039494FEAF3} = {D5EB45E7-1CD1-4F11-B3F5-07714F84190D}
		{EAC6A8F4-E78E-4DA0-AA05-A6C1A9B1C6AF} = {0B7B090A-F8B5-46A1-A425-BBB95BBB1746}
		{0B0FEFDE-C426-4203-B897-55E2D9DA98BB} = {0B7B090A-F8B5-46A1-A425-BBB95BBB1746}
		{DB1080E4-87CE-4166-8E8B-D98E9B654337} = {D5EB45E7-1CD1-4F11-B3F5-07714F84190D}
		{FE21B649-02D8-49FA-8A58-48A206F3D8AB} = {0B7B090A-F8B5-46A1-A425-BBB95BBB1746}
		{AC068117-F346-41D1-9C94-4156DCCABB3D} = {D5EB45E7-1CD1-4F11-B3F5-07714F84190D}
		{4FBD3895-5EE5-4E7B-A6B6-6BE2EF5FAED8} = {0B7B090A-F8B5-46A1-A425-BBB95BBB1746}
	EndGlobalSection
	GlobalSection(ExtensibilityGlobals) = postSolution
		SolutionGuid = {25E67A34-CD17-4456-8998-1540AE23F9D7}
	EndGlobalSection
	GlobalSection(SharedMSBuildProjectFiles) = preSolution
		shared projects\MachineLearning\MachineLearning.projitems*{05c9ce82-9814-4a38-a874-444151d41daa}*SharedItemsImports = 13
		shared projects\Statistics_class\Statistics_class.projitems*{0b0fefde-c426-4203-b897-55e2d9da98bb}*SharedItemsImports = 13
		shared projects\LinearAlgebra\LinearAlgebra.projitems*{4fbd3895-5ee5-4e7b-a6b6-6be2ef5faed8}*SharedItemsImports = 13
		shared projects\Core\Core.projitems*{61cdf5ae-6d99-4a3e-a3cd-30293c143fe6}*SharedItemsImports = 13
		shared projects\Numerics\Numerics.projitems*{7ee17963-00e5-412c-a6de-fb94c21e4f57}*SharedItemsImports = 13
		shared projects\SignalProcessing\SignalProcessing.projitems*{b2c3419e-250a-487d-bc7c-0c89640b96ae}*SharedItemsImports = 13
		shared projects\Core\Core.projitems*{b6b8e014-c126-45dc-858e-c067d9916e03}*SharedItemsImports = 5
		shared projects\DeepLearning\DeepLearning.projitems*{b6b8e014-c126-45dc-858e-c067d9916e03}*SharedItemsImports = 5
		shared projects\Experimental\Experimental.projitems*{b6b8e014-c126-45dc-858e-c067d9916e03}*SharedItemsImports = 5
		shared projects\Framework\Framework.projitems*{b6b8e014-c126-45dc-858e-c067d9916e03}*SharedItemsImports = 5
		shared projects\LinearAlgebra\LinearAlgebra.projitems*{b6b8e014-c126-45dc-858e-c067d9916e03}*SharedItemsImports = 5
		shared projects\MachineLearning\MachineLearning.projitems*{b6b8e014-c126-45dc-858e-c067d9916e03}*SharedItemsImports = 5
		shared projects\Numerics\Numerics.projitems*{b6b8e014-c126-45dc-858e-c067d9916e03}*SharedItemsImports = 5
		shared projects\SignalProcessing\SignalProcessing.projitems*{b6b8e014-c126-45dc-858e-c067d9916e03}*SharedItemsImports = 5
		shared projects\Statistics_class\Statistics_class.projitems*{b6b8e014-c126-45dc-858e-c067d9916e03}*SharedItemsImports = 5
		shared projects\Experimental\Experimental.projitems*{c60535f6-5504-48a9-934a-53d6b572d846}*SharedItemsImports = 13
		shared projects\DeepLearning\DeepLearning.projitems*{eac6a8f4-e78e-4da0-aa05-a6c1a9b1c6af}*SharedItemsImports = 13
		shared projects\Framework\Framework.projitems*{fe21b649-02d8-49fa-8a58-48a206f3d8ab}*SharedItemsImports = 13
	EndGlobalSection
EndGlobal
